
Microsoft Visual Studio Solution File, Format Version 12.00
Project("{FAE04EC0-301F-11D3-BF4B-00C04F79EFBC}") = "Interfaces", "Interfaces\Interfaces.csproj", "{11389144-1358-4B8C-B773-BFD47CBBB3C3}"
EndProject
Project("{FAE04EC0-301F-11D3-BF4B-00C04F79EFBC}") = "UserServer", "UserServer\UserServer.csproj", "{894AC608-8217-4862-BB29-37B356806827}"
EndProject
Project("{FAE04EC0-301F-11D3-BF4B-00C04F79EFBC}") = "TemperatureDetectorServer", "TemperatureDetectorServer\TemperatureDetectorServer.csproj", "{C6DA9595-BA5F-438F-9E86-26D4A6C991FD}"
EndProject
Project("{FAE04EC0-301F-11D3-BF4B-00C04F79EFBC}") = "HumidityDetectorServer", "HumidityDetectorServer\HumidityDetectorServer.csproj", "{11717E45-76A6-46F9-A399-223446857A5C}"
EndProject
Project("{FAE04EC0-301F-11D3-BF4B-00C04F79EFBC}") = "Visitor", "Visitor\Visitor.csproj", "{0BC8AA61-04E5-43A1-B7DB-B3115334DB8C}"
EndProject
Project("{FAE04EC0-301F-11D3-BF4B-00C04F79EFBC}") = "SecurityServer", "SecurityServer\SecurityServer.csproj", "{2F3512D1-A396-4B6E-8AE2-5F246DBD75BE}"
EndProject
Project("{FAE04EC0-301F-11D3-BF4B-00C04F79EFBC}") = "AdminServer", "AdminServer\AdminServer.csproj", "{67112297-7401-414E-AB0E-1CD0432AE515}"
EndProject
Project("{FAE04EC0-301F-11D3-BF4B-00C04F79EFBC}") = "MovementCaptureDevice", "MovementCaptureDevice\MovementCaptureDevice.csproj", "{6E99FC7A-E3F9-4281-8B1D-A151EB7044A4}"
EndProject
Global
	GlobalSection(SolutionConfigurationPlatforms) = preSolution
		Debug|Any CPU = Debug|Any CPU
		Release|Any CPU = Release|Any CPU
	EndGlobalSection
	GlobalSection(ProjectConfigurationPlatforms) = postSolution
		{11389144-1358-4B8C-B773-BFD47CBBB3C3}.Debug|Any CPU.ActiveCfg = Debug|Any CPU
		{11389144-1358-4B8C-B773-BFD47CBBB3C3}.Debug|Any CPU.Build.0 = Debug|Any CPU
		{11389144-1358-4B8C-B773-BFD47CBBB3C3}.Release|Any CPU.ActiveCfg = Release|Any CPU
		{11389144-1358-4B8C-B773-BFD47CBBB3C3}.Release|Any CPU.Build.0 = Release|Any CPU
		{894AC608-8217-4862-BB29-37B356806827}.Debug|Any CPU.ActiveCfg = Debug|Any CPU
		{894AC608-8217-4862-BB29-37B356806827}.Debug|Any CPU.Build.0 = Debug|Any CPU
		{894AC608-8217-4862-BB29-37B356806827}.Release|Any CPU.ActiveCfg = Release|Any CPU
		{894AC608-8217-4862-BB29-37B356806827}.Release|Any CPU.Build.0 = Release|Any CPU
		{C6DA9595-BA5F-438F-9E86-26D4A6C991FD}.Debug|Any CPU.ActiveCfg = Debug|Any CPU
		{C6DA9595-BA5F-438F-9E86-26D4A6C991FD}.Debug|Any CPU.Build.0 = Debug|Any CPU
		{C6DA9595-BA5F-438F-9E86-26D4A6C991FD}.Release|Any CPU.ActiveCfg = Release|Any CPU
		{C6DA9595-BA5F-438F-9E86-26D4A6C991FD}.Release|Any CPU.Build.0 = Release|Any CPU
		{11717E45-76A6-46F9-A399-223446857A5C}.Debug|Any CPU.ActiveCfg = Debug|Any CPU
		{11717E45-76A6-46F9-A399-223446857A5C}.Debug|Any CPU.Build.0 = Debug|Any CPU
		{11717E45-76A6-46F9-A399-223446857A5C}.Release|Any CPU.ActiveCfg = Release|Any CPU
		{11717E45-76A6-46F9-A399-223446857A5C}.Release|Any CPU.Build.0 = Release|Any CPU
		{0BC8AA61-04E5-43A1-B7DB-B3115334DB8C}.Debug|Any CPU.ActiveCfg = Debug|Any CPU
		{0BC8AA61-04E5-43A1-B7DB-B3115334DB8C}.Debug|Any CPU.Build.0 = Debug|Any CPU
		{0BC8AA61-04E5-43A1-B7DB-B3115334DB8C}.Release|Any CPU.ActiveCfg = Release|Any CPU
		{0BC8AA61-04E5-43A1-B7DB-B3115334DB8C}.Release|Any CPU.Build.0 = Release|Any CPU
		{2F3512D1-A396-4B6E-8AE2-5F246DBD75BE}.Debug|Any CPU.ActiveCfg = Debug|Any CPU
		{2F3512D1-A396-4B6E-8AE2-5F246DBD75BE}.Debug|Any CPU.Build.0 = Debug|Any CPU
		{2F3512D1-A396-4B6E-8AE2-5F246DBD75BE}.Release|Any CPU.ActiveCfg = Release|Any CPU
		{2F3512D1-A396-4B6E-8AE2-5F246DBD75BE}.Release|Any CPU.Build.0 = Release|Any CPU
		{67112297-7401-414E-AB0E-1CD0432AE515}.Debug|Any CPU.ActiveCfg = Debug|Any CPU
		{67112297-7401-414E-AB0E-1CD0432AE515}.Debug|Any CPU.Build.0 = Debug|Any CPU
		{67112297-7401-414E-AB0E-1CD0432AE515}.Release|Any CPU.ActiveCfg = Release|Any CPU
		{67112297-7401-414E-AB0E-1CD0432AE515}.Release|Any CPU.Build.0 = Release|Any CPU
		{6E99FC7A-E3F9-4281-8B1D-A151EB7044A4}.Debug|Any CPU.ActiveCfg = Debug|Any CPU
		{6E99FC7A-E3F9-4281-8B1D-A151EB7044A4}.Debug|Any CPU.Build.0 = Debug|Any CPU
		{6E99FC7A-E3F9-4281-8B1D-A151EB7044A4}.Release|Any CPU.ActiveCfg = Release|Any CPU
		{6E99FC7A-E3F9-4281-8B1D-A151EB7044A4}.Release|Any CPU.Build.0 = Release|Any CPU
	EndGlobalSection
EndGlobal
